
Microsoft Visual Studio Solution File, Format Version 12.00
# Visual Studio Version 17
VisualStudioVersion = 17.8.34330.188
MinimumVisualStudioVersion = 10.0.40219.1
Project("{FAE04EC0-301F-11D3-BF4B-00C04F79EFBC}") = "HeartyBeat", "HeartyBeat\HeartyBeat\HeartyBeat.csproj", "{1AF465C3-F517-4701-903B-018CC84A9670}"
EndProject
Project("{FAE04EC0-301F-11D3-BF4B-00C04F79EFBC}") = "HeartyBeat.Client", "HeartyBeat\HeartyBeat.Client\HeartyBeat.Client.csproj", "{5E94EF33-B243-43C2-96AF-1CDD52AA709F}"
EndProject
Global
	GlobalSection(SolutionConfigurationPlatforms) = preSolution
		Debug|Any CPU = Debug|Any CPU
		Release|Any CPU = Release|Any CPU
	EndGlobalSection
	GlobalSection(ProjectConfigurationPlatforms) = postSolution
		{1AF465C3-F517-4701-903B-018CC84A9670}.Debug|Any CPU.ActiveCfg = Debug|Any CPU
		{1AF465C3-F517-4701-903B-018CC84A9670}.Debug|Any CPU.Build.0 = Debug|Any CPU
		{1AF465C3-F517-4701-903B-018CC84A9670}.Release|Any CPU.ActiveCfg = Release|Any CPU
		{1AF465C3-F517-4701-903B-018CC84A9670}.Release|Any CPU.Build.0 = Release|Any CPU
		{5E94EF33-B243-43C2-96AF-1CDD52AA709F}.Debug|Any CPU.ActiveCfg = Debug|Any CPU
		{5E94EF33-B243-43C2-96AF-1CDD52AA709F}.Debug|Any CPU.Build.0 = Debug|Any CPU
		{5E94EF33-B243-43C2-96AF-1CDD52AA709F}.Release|Any CPU.ActiveCfg = Release|Any CPU
		{5E94EF33-B243-43C2-96AF-1CDD52AA709F}.Release|Any CPU.Build.0 = Release|Any CPU
	EndGlobalSection
	GlobalSection(SolutionProperties) = preSolution
		HideSolutionNode = FALSE
	EndGlobalSection
	GlobalSection(ExtensibilityGlobals) = postSolution
		SolutionGuid = {46605178-514D-4A58-B3D8-7E2ED5DCDECF}
	EndGlobalSection
EndGlobal
